
Microsoft Visual Studio Solution File, Format Version 12.00
# Visual Studio Version 16
VisualStudioVersion = 16.0.31613.86
MinimumVisualStudioVersion = 10.0.40219.1
Project("{FAE04EC0-301F-11D3-BF4B-00C04F79EFBC}") = "MVCFirstApp", "MVCFirstApp.csproj", "{09DCB96D-5795-48AD-BE50-ED94F2915653}"
EndProject
Global
	GlobalSection(SolutionConfigurationPlatforms) = preSolution
		Debug|Any CPU = Debug|Any CPU
		Release|Any CPU = Release|Any CPU
	EndGlobalSection
	GlobalSection(ProjectConfigurationPlatforms) = postSolution
		{09DCB96D-5795-48AD-BE50-ED94F2915653}.Debug|Any CPU.ActiveCfg = Debug|Any CPU
		{09DCB96D-5795-48AD-BE50-ED94F2915653}.Debug|Any CPU.Build.0 = Debug|Any CPU
		{09DCB96D-5795-48AD-BE50-ED94F2915653}.Release|Any CPU.ActiveCfg = Release|Any CPU
		{09DCB96D-5795-48AD-BE50-ED94F2915653}.Release|Any CPU.Build.0 = Release|Any CPU
	EndGlobalSection
	GlobalSection(SolutionProperties) = preSolution
		HideSolutionNode = FALSE
	EndGlobalSection
	GlobalSection(ExtensibilityGlobals) = postSolution
		SolutionGuid = {F519FFD7-9EA6-4093-860F-C5967D10C3CF}
	EndGlobalSection
EndGlobal
